
Microsoft Visual Studio Solution File, Format Version 12.00
# Visual Studio Version 17
VisualStudioVersion = 17.10.35122.118
MinimumVisualStudioVersion = 10.0.40219.1
Project("{9A19103F-16F7-4668-BE54-9A1E7A4F7556}") = "gameengine", "gameengine.csproj", "{C47BBFD6-0BE9-438F-A2CF-BCE3F96B9F96}"
EndProject
Project("{9A19103F-16F7-4668-BE54-9A1E7A4F7556}") = "joy8", "..\joy8\joy8.csproj", "{9C0AF85B-A3E8-4A78-899E-D028E73486DB}"
EndProject
Global
	GlobalSection(SolutionConfigurationPlatforms) = preSolution
		Debug|Any CPU = Debug|Any CPU
		Release|Any CPU = Release|Any CPU
	EndGlobalSection
	GlobalSection(ProjectConfigurationPlatforms) = postSolution
		{C47BBFD6-0BE9-438F-A2CF-BCE3F96B9F96}.Debug|Any CPU.ActiveCfg = Debug|Any CPU
		{C47BBFD6-0BE9-438F-A2CF-BCE3F96B9F96}.Debug|Any CPU.Build.0 = Debug|Any CPU
		{C47BBFD6-0BE9-438F-A2CF-BCE3F96B9F96}.Release|Any CPU.ActiveCfg = Release|Any CPU
		{C47BBFD6-0BE9-438F-A2CF-BCE3F96B9F96}.Release|Any CPU.Build.0 = Release|Any CPU
		{9C0AF85B-A3E8-4A78-899E-D028E73486DB}.Debug|Any CPU.ActiveCfg = Debug|Any CPU
		{9C0AF85B-A3E8-4A78-899E-D028E73486DB}.Debug|Any CPU.Build.0 = Debug|Any CPU
		{9C0AF85B-A3E8-4A78-899E-D028E73486DB}.Release|Any CPU.ActiveCfg = Release|Any CPU
		{9C0AF85B-A3E8-4A78-899E-D028E73486DB}.Release|Any CPU.Build.0 = Release|Any CPU
	EndGlobalSection
	GlobalSection(SolutionProperties) = preSolution
		HideSolutionNode = FALSE
	EndGlobalSection
	GlobalSection(ExtensibilityGlobals) = postSolution
		SolutionGuid = {272FCE80-256A-4C26-9C50-F3A1132087BB}
	EndGlobalSection
EndGlobal
